
Microsoft Visual Studio Solution File, Format Version 12.00
# Visual Studio Version 17
VisualStudioVersion = 17.9.34728.123
MinimumVisualStudioVersion = 10.0.40219.1
Project("{FAE04EC0-301F-11D3-BF4B-00C04F79EFBC}") = "Formulario-prueba", "Formulario-prueba\Formulario-prueba.csproj", "{012668D6-74EA-40DA-80C7-3D12850CA254}"
EndProject
Global
	GlobalSection(SolutionConfigurationPlatforms) = preSolution
		Debug|Any CPU = Debug|Any CPU
		Release|Any CPU = Release|Any CPU
	EndGlobalSection
	GlobalSection(ProjectConfigurationPlatforms) = postSolution
		{012668D6-74EA-40DA-80C7-3D12850CA254}.Debug|Any CPU.ActiveCfg = Debug|Any CPU
		{012668D6-74EA-40DA-80C7-3D12850CA254}.Debug|Any CPU.Build.0 = Debug|Any CPU
		{012668D6-74EA-40DA-80C7-3D12850CA254}.Release|Any CPU.ActiveCfg = Release|Any CPU
		{012668D6-74EA-40DA-80C7-3D12850CA254}.Release|Any CPU.Build.0 = Release|Any CPU
	EndGlobalSection
	GlobalSection(SolutionProperties) = preSolution
		HideSolutionNode = FALSE
	EndGlobalSection
	GlobalSection(ExtensibilityGlobals) = postSolution
		SolutionGuid = {7F378983-1ACC-48E8-9CB2-B8784928B13F}
	EndGlobalSection
EndGlobal
